
Microsoft Visual Studio Solution File, Format Version 12.00
# Visual Studio 2012
Project("{FAE04EC0-301F-11D3-BF4B-00C04F79EFBC}") = "VisitorDeseni", "VisitorDeseni\VisitorDeseni.csproj", "{FFCC4CD6-96A1-43A6-9945-633E83D72CFA}"
EndProject
Global
	GlobalSection(SolutionConfigurationPlatforms) = preSolution
		Debug|Any CPU = Debug|Any CPU
		Release|Any CPU = Release|Any CPU
	EndGlobalSection
	GlobalSection(ProjectConfigurationPlatforms) = postSolution
		{FFCC4CD6-96A1-43A6-9945-633E83D72CFA}.Debug|Any CPU.ActiveCfg = Debug|Any CPU
		{FFCC4CD6-96A1-43A6-9945-633E83D72CFA}.Debug|Any CPU.Build.0 = Debug|Any CPU
		{FFCC4CD6-96A1-43A6-9945-633E83D72CFA}.Release|Any CPU.ActiveCfg = Release|Any CPU
		{FFCC4CD6-96A1-43A6-9945-633E83D72CFA}.Release|Any CPU.Build.0 = Release|Any CPU
	EndGlobalSection
	GlobalSection(SolutionProperties) = preSolution
		HideSolutionNode = FALSE
	EndGlobalSection
EndGlobal
